{
    "_readme": [
        "This file locks the dependencies of your project to a known state",
        "Read more about it at http://getcomposer.org/doc/01-basic-usage.md#composer-lock-the-lock-file",
        "This file is @generated automatically"
    ],
    "hash": "4743cc16469cd8cc735de0fd174e3de4",
    "packages": [
        {
            "name": "illuminate/support",
            "version": "v4.2.6",
            "target-dir": "Illuminate/Support",
            "source": {
                "type": "git",
                "url": "https://github.com/illuminate/support.git",
                "reference": "d59811c8d3e0b7c2b9ffd2c480e698b3352472d0"
            },
            "dist": {
                "type": "zip",
                "url": "https://api.github.com/repos/illuminate/support/zipball/d59811c8d3e0b7c2b9ffd2c480e698b3352472d0",
                "reference": "d59811c8d3e0b7c2b9ffd2c480e698b3352472d0",
                "shasum": ""
            },
            "require": {
                "php": ">=5.4.0"
            },
            "require-dev": {
                "jeremeamia/superclosure": "~1.0",
                "patchwork/utf8": "1.1.*"
            },
            "type": "library",
            "extra": {
                "branch-alias": {
                    "dev-master": "4.2-dev"
                }
            },
            "autoload": {
                "psr-0": {
                    "Illuminate\\Support": ""
                },
                "files": [
                    "Illuminate/Support/helpers.php"
                ]
            },
            "notification-url": "https://packagist.org/downloads/",
            "license": [
                "MIT"
            ],
            "authors": [
                {
                    "name": "Taylor Otwell",
                    "email": "taylorotwell@gmail.com",
                    "homepage": "https://github.com/taylorotwell",
                    "role": "Creator of Laravel"
                }
            ],
            "time": "2014-06-29 00:06:59"
        },
        {
            "name": "intervention/image",
            "version": "1.6.5",
            "source": {
                "type": "git",
                "url": "https://github.com/Intervention/image.git",
                "reference": "432f3b28ea08455146b157c6bfdebf4ef5bc661e"
            },
            "dist": {
                "type": "zip",
                "url": "https://api.github.com/repos/Intervention/image/zipball/432f3b28ea08455146b157c6bfdebf4ef5bc661e",
                "reference": "432f3b28ea08455146b157c6bfdebf4ef5bc661e",
                "shasum": ""
            },
            "require": {
                "ext-gd": "*",
                "illuminate/support": "4.*",
                "php": ">=5.3.0"
            },
            "require-dev": {
                "phpunit/phpunit": "4.1.*"
            },
            "suggest": {
                "intervention/imagecache": "Caching extension for the Intervention Image library"
            },
            "type": "library",
            "autoload": {
                "psr-0": {
                    "Intervention\\Image": "src/"
                }
            },
            "notification-url": "https://packagist.org/downloads/",
            "license": [
                "MIT"
            ],
            "authors": [
                {
                    "name": "Oliver Vogel",
                    "email": "oliver@olivervogel.net",
                    "homepage": "http://olivervogel.net/"
                }
            ],
            "description": "Image handling and manipulation library with support for Laravel 4 integration",
            "homepage": "http://image.intervention.io/",
            "keywords": [
                "gd",
                "image",
                "laravel",
                "thumbnail",
                "watermark"
            ],
            "time": "2014-06-07 16:25:27"
        }
    ],
    "packages-dev": [

    ],
    "aliases": [

    ],
    "minimum-stability": "stable",
    "stability-flags": [

    ],
    "platform": [

    ],
    "platform-dev": [

    ]
}
